
Microsoft Visual Studio Solution File, Format Version 12.00
# Visual Studio Version 16
VisualStudioVersion = 16.0.31105.61
MinimumVisualStudioVersion = 10.0.40219.1
Project("{FAE04EC0-301F-11D3-BF4B-00C04F79EFBC}") = "MoviesAPI", "src\MoviesAPI.csproj", "{97B8600F-6D5F-4319-8D68-C5B71A322C1D}"
EndProject
Project("{FAE04EC0-301F-11D3-BF4B-00C04F79EFBC}") = "MoviesAPI.UnitTests", "tests\MoviesAPI.UnitTests\MoviesAPI.UnitTests.csproj", "{1787BA63-477A-4156-BB5C-8DB3E42A62F1}"
EndProject
Project("{2150E333-8FDC-42A3-9474-1A3956D46DE8}") = "Solution Items", "Solution Items", "{C6DED195-2B55-4A4F-98E5-643E139A5B7A}"
	ProjectSection(SolutionItems) = preProject
		Readme.md = Readme.md
	EndProjectSection
EndProject
Project("{2150E333-8FDC-42A3-9474-1A3956D46DE8}") = "src", "src", "{8B995E0C-28D1-409D-AA3A-A6BD8364EB0F}"
EndProject
Project("{2150E333-8FDC-42A3-9474-1A3956D46DE8}") = "tests", "tests", "{32AED86A-339A-4052-99B4-B96513EAFB87}"
EndProject
Global
	GlobalSection(SolutionConfigurationPlatforms) = preSolution
		Debug|Any CPU = Debug|Any CPU
		Release|Any CPU = Release|Any CPU
	EndGlobalSection
	GlobalSection(ProjectConfigurationPlatforms) = postSolution
		{97B8600F-6D5F-4319-8D68-C5B71A322C1D}.Debug|Any CPU.ActiveCfg = Debug|Any CPU
		{97B8600F-6D5F-4319-8D68-C5B71A322C1D}.Debug|Any CPU.Build.0 = Debug|Any CPU
		{97B8600F-6D5F-4319-8D68-C5B71A322C1D}.Release|Any CPU.ActiveCfg = Release|Any CPU
		{97B8600F-6D5F-4319-8D68-C5B71A322C1D}.Release|Any CPU.Build.0 = Release|Any CPU
		{1787BA63-477A-4156-BB5C-8DB3E42A62F1}.Debug|Any CPU.ActiveCfg = Debug|Any CPU
		{1787BA63-477A-4156-BB5C-8DB3E42A62F1}.Debug|Any CPU.Build.0 = Debug|Any CPU
		{1787BA63-477A-4156-BB5C-8DB3E42A62F1}.Release|Any CPU.ActiveCfg = Release|Any CPU
		{1787BA63-477A-4156-BB5C-8DB3E42A62F1}.Release|Any CPU.Build.0 = Release|Any CPU
	EndGlobalSection
	GlobalSection(SolutionProperties) = preSolution
		HideSolutionNode = FALSE
	EndGlobalSection
	GlobalSection(NestedProjects) = preSolution
		{97B8600F-6D5F-4319-8D68-C5B71A322C1D} = {8B995E0C-28D1-409D-AA3A-A6BD8364EB0F}
		{1787BA63-477A-4156-BB5C-8DB3E42A62F1} = {32AED86A-339A-4052-99B4-B96513EAFB87}
	EndGlobalSection
	GlobalSection(ExtensibilityGlobals) = postSolution
		SolutionGuid = {3175E69F-0B8F-45E0-B3F5-A6D1D289FD10}
	EndGlobalSection
EndGlobal
